version = 1
revision = 3
requires-python = "==3.12.*"

[[package]]
name = "annotated-doc"
version = "0.0.5"
source = { registry = "https://pypi.org/simple" }
sdist = { url = "https://files.pythonhosted.org/packages/5a/8e/38aa427ed5402449e226975b649c5dc73ccadfefeb95e6aecb8f8ea4b6b6/annotated_doc-0.0.5.tar.gz", hash = "sha256:c7e58ce09192557605d8bbd92836d7e1d520ac9580096042c0bfd197efacf1bb", size = 10758, upload-time = "2026-07-28T13:50:58.129Z" }
wheels = [
    { url = "https://files.pythonhosted.org/packages/3e/30/e900b21425a860e195f32e37657aa1f7c7f2b1bfb26f03ca209b90933c06/annotated_doc-0.0.5-py3-none-any.whl", hash = "sha256:117bac03a25ede5df5440e855b32d556049ca169ead221505badf432fed4b101", size = 5302, upload-time = "2026-07-28T13:50:57.239Z" },
]

[[package]]
name = "asteval"
version = "1.0.10"
source = { registry = "https://pypi.org/simple" }
sdist = { url = "https://files.pythonhosted.org/packages/65/9a/e10e062c83de2219c5f9ef9d684dac39323c052de140e257afd0f60f8ca7/asteval-1.0.10.tar.gz", hash = "sha256:46a4ed13cc2e4a29a21418f89dedd57db70d98eb96db0fb4c441d4edb2f5afed", size = 59581, upload-time = "2026-08-21T21:07:06.6Z" }
wheels = [
    { url = "https://files.pythonhosted.org/packages/92/16/e78d6e60ecd1b3cf446fad45985ad6cda22f46ad2cffabb644d77b317bc4/asteval-1.0.10-py3-none-any.whl", hash = "sha256:8d805fa8084aa12204715f799430f0012a0db38b42e997f9f11a9637ad59855f", size = 23466, upload-time = "2026-08-21T21:07:05.678Z" },
]

[[package]]
name = "cel-python"
version = "0.5.0"
source = { registry = "https://pypi.org/simple" }
dependencies = [
    { name = "google-re2" },
    { name = "jmespath" },
    { name = "lark" },
    { name = "pendulum" },
    { name = "pyyaml" },
]
sdist = { url = "https://files.pythonhosted.org/packages/61/4e/f821948a5bbd7a98a218720f831a62216f79a98e43b13d9ab2f98e37c5f8/cel_python-0.5.0.tar.gz", hash = "sha256:3eb0a619e8df0f338d0430cda01427a742e77e3c433a1c7c3ebd409cd804c45a", size = 13364027, upload-time = "2026-01-31T19:07:13.436Z" }
wheels = [
    { url = "https://files.pythonhosted.org/packages/1e/f8/38812adc3f787c2c2e8ba56f524185ed379656c10b40347a32796ba61c08/cel_python-0.5.0-py3-none-any.whl", hash = "sha256:d0f85008b89655c2bb18d797d2fa3f96f2ed80f4a3b43b0e8138c6646581e5f6", size = 84950, upload-time = "2026-01-31T19:07:11.821Z" },
]

[[package]]
name = "colorama"
version = "0.4.6"
source = { registry = "https://pypi.org/simple" }
sdist = { url = "https://files.pythonhosted.org/packages/d8/53/6f443c9a4a8358a93a6792e2acffb9d9d5cb0a5cfd8802644b7b1c9a02e4/colorama-0.4.6.tar.gz", hash = "sha256:08695f5cb7ed6e0531a20572697297273c47b8cae5a63ffc6d6ed5c201be6e44", size = 27697, upload-time = "2022-10-25T02:36:22.414Z" }
wheels = [
    { url = "https://files.pythonhosted.org/packages/d1/d6/3965ed04c63042e047cb6a3e6ed1a63a35087b6a609aa3a15ed8ac56c221/colorama-0.4.6-py2.py3-none-any.whl", hash = "sha256:4f1d9991f5acc0ca119f9d443620b77f9d6b33703e51011c16baf57afb285fc6", size = 25335, upload-time = "2022-10-25T02:36:20.889Z" },
]

[[package]]
name = "common-expression-language"
version = "0.10.0"
source = { registry = "https://pypi.org/simple" }
dependencies = [
    { name = "prompt-toolkit" },
    { name = "pygments" },
    { name = "rich" },
    { name = "typer" },
]
sdist = { url = "https://files.pythonhosted.org/packages/f0/92/cb479d91a71eed6cfdfea673c7dc341bcf627856acbe0f978900e207fa31/common_expression_language-0.10.0.tar.gz", hash = "sha256:bb2b6a2e50094219e4366cf36d342d74140c97414545912b34a7e8b8b95c92e6", size = 231354, upload-time = "2026-09-15T08:29:23.132Z" }
wheels = [
    { url = "https://files.pythonhosted.org/packages/05/28/26d66e35380978baa6be4489ee9efe6fc1bbd4f034e8070951f1b0a06aa0/common_expression_language-0.10.0-cp312-cp312-macosx_10_12_x86_64.whl", hash = "sha256:ee7359e11da1c057cededf5c332f99c71c94a4e8fe7cf3fe14e9726479d2b6bf", size = 1595104, upload-time = "2026-09-15T08:28:20.177Z" },
    { url = "https://files.pythonhosted.org/packages/22/7a/a0ccb567968e762fdb2a8e79dac99167b6bad69b4568f1704e96699a8c1b/common_expression_language-0.10.0-cp312-cp312-macosx_11_0_arm64.whl", hash = "sha256:1def298c20eb1fa91a87f422cc2bf2a7568619ae56acae6b15609b2a29b5f66e", size = 1549075, upload-time = "2026-09-15T08:28:21.546Z" },
    { url = "https://files.pythonhosted.org/packages/d1/bf/02d7c5970bf79088163f5b628aca61e49a67fc9be65041f659e0022501bf/common_expression_language-0.10.0-cp312-cp312-manylinux_2_17_aarch64.manylinux2014_aarch64.whl", hash = "sha256:bd3f27cc10659267d6e74c204a74486f760e068b9352045303816b25e5bf06e7", size = 1840541, upload-time = "2026-09-15T08:28:23.093Z" },
    { url = "https://files.pythonhosted.org/packages/94/b7/e74982608079f46767f5a58cc0f932b4b157fa6e602c7072af49d150c567/common_expression_language-0.10.0-cp312-cp312-manylinux_2_17_armv7l.manylinux2014_armv7l.whl", hash = "sha256:114663998d58a7d1e0a4a02c0e056304ae84acd4e52e1171e466abdd6279f526", size = 1764368, upload-time = "2026-09-15T08:28:24.798Z" },
    { url = "https://files.pythonhosted.org/packages/8f/2d/c299e7b6a93700e413f65e3597a3385a93a733f75b397857717b7cf7a267/common_expression_language-0.10.0-cp312-cp312-manylinux_2_17_ppc64le.manylinux2014_ppc64le.whl", hash = "sha256:641c4a0eec9c89cee738f667e9d4544f564f761524ce3e4f57b178f4fbfa7784", size = 2069833, upload-time = "2026-09-15T08:28:26.289Z" },
    { url = "https://files.pythonhosted.org/packages/4e/68/4d2054ee8e218f87e64584c9e6e4357637efbe84a41e531b00708c01497a/common_expression_language-0.10.0-cp312-cp312-manylinux_2_17_s390x.manylinux2014_s390x.whl", hash = "sha256:4785d1c01cc8f786ff59ea26acee6f2b02d1a2e89e8d818daad4921de1e0dfed", size = 1918698, upload-time = "2026-09-15T08:28:27.628Z" },
    { url = "https://files.pythonhosted.org/packages/89/8d/70196c21038da4df0877362c6d6c293e2ce2cd6ef726920cf6415040068d/common_expression_language-0.10.0-cp312-cp312-manylinux_2_17_x86_64.manylinux2014_x86_64.whl", hash = "sha256:f8a18a28c53fa3c4fbb6ba46e50e66cbd555b3a5153920481dc4643509a6ad99", size = 1800127, upload-time = "2026-09-15T08:28:28.947Z" },
    { url = "https://files.pythonhosted.org/packages/87/b6/adc76f29cf63e23f12b5c7f269b19b029a0298d19ac4f75cdc4c6c6f08df/common_expression_language-0.10.0-cp312-cp312-manylinux_2_5_i686.manylinux1_i686.whl", hash = "sha256:a6ea367d75be0ec7850f8ddbb8b540772a7f0da02625940c98f82de011379761", size = 1917063, upload-time = "2026-09-15T08:28:30.257Z" },
    { url = "https://files.pythonhosted.org/packages/30/f4/b010c969af49f0e4d0bd61595b0fb8e5a94bdd7a1ae49df7c2c6803cf153/common_expression_language-0.10.0-cp312-cp312-win_amd64.whl", hash = "sha256:0d8c0b951675fc608eff2baa6c3c9f1d49ef3f014f6202ddfb25fb6ff9f2e228", size = 1424459, upload-time = "2026-09-15T08:28:31.759Z" },
]

[[package]]
name = "evalidate"
version = "2.1.4"
source = { registry = "https://pypi.org/simple" }
sdist = { url = "https://files.pythonhosted.org/packages/b5/50/5a02fdfa72f380cb7c64f5acc91a282a3ba97fb8a4320ad328086cc9bcfb/evalidate-2.1.4.tar.gz", hash = "sha256:86b574117c839e7479b04efccd07eb2ef55669bfcbb2bbb59ea1bdf6d1c7d0ab", size = 1190139, upload-time = "2026-03-02T15:50:00.601Z" }
wheels = [
    { url = "https://files.pythonhosted.org/packages/7a/a3/651a90aa0b4cc1dc3c7905de3a8f2173ecc6dfb997318f042957521d4e8a/evalidate-2.1.4-py3-none-any.whl", hash = "sha256:e295098e7f7eeaf1c77c82f315180eef152280bd94f464eda2e093425f97fffb", size = 13088, upload-time = "2026-03-02T15:50:02.293Z" },
]

[[package]]
name = "google-re2"
version = "1.1.20251105"
source = { registry = "https://pypi.org/simple" }
sdist = { url = "https://files.pythonhosted.org/packages/6b/60/805c654ba53d685513df955ee745f71920fe8e6a284faf0f9b9dc19b659c/google_re2-1.1.20251105.tar.gz", hash = "sha256:1db14a292ee8303b91e91e7c37e05ac17d3c467f29416c79ac70a78be3e65bda", size = 11676, upload-time = "2025-11-05T14:58:07.324Z" }
wheels = [
    { url = "https://files.pythonhosted.org/packages/67/20/73b487538e9107c2fd96aed737e3f3890dfce3e292622e4ffb2f9c810ee5/google_re2-1.1.20251105-1-cp312-cp312-macosx_13_0_arm64.whl", hash = "sha256:b30f09b4d63249c72e65ccae4cbf6b331b48c22fc7cb439f1d85f347b9d07ceb", size = 485591, upload-time = "2025-11-05T14:57:20.961Z" },
    { url = "https://files.pythonhosted.org/packages/b9/9a/ca3a993bdb5dc6d5b2616b9657b2872a83d1827f8bd3ab50cd629eb751c7/google_re2-1.1.20251105-1-cp312-cp312-macosx_13_0_x86_64.whl", hash = "sha256:9a77892c524b8bdf3d47d7cad1cc2ac3a0108bdd65007ef4c02888fa46baf8ee", size = 518780, upload-time = "2025-11-05T14:57:22.18Z" },
    { url = "https://files.pythonhosted.org/packages/df/37/b2e367987371514253ec9e514637f457deaacb7acc1c900814f3a6421e0f/google_re2-1.1.20251105-1-cp312-cp312-macosx_14_0_arm64.whl", hash = "sha256:a3ac51b28cbf25c100dfd8849212d878d7005d1d4a7e129a10789043c56b6021", size = 486966, upload-time = "2025-11-05T14:57:24.575Z" },
    { url = "https://files.pythonhosted.org/packages/d9/69/1db6742943c0ac254bfb7d8a37a5d3f73f016a65cfa1f84fe3a0451820f6/google_re2-1.1.20251105-1-cp312-cp312-macosx_14_0_x86_64.whl", hash = "sha256:9f7158afc9825ac2654c6561aea94a1f7edb5b5b88e6e3639bb80bb817d102ac", size = 520225, upload-time = "2025-11-05T14:57:26.039Z" },
    { url = "https://files.pythonhosted.org/packages/f4/0a/0747c92dbebe2c09a26bd7386d372b5c5a9926236b4f3d69bb8f15db05cb/google_re2-1.1.20251105-1-cp312-cp312-macosx_15_0_arm64.whl", hash = "sha256:5320da07dc3b7ac7f407514f42ac17d67e771ac7c7562d449571185e6fb601b2", size = 482943, upload-time = "2025-11-05T14:57:27.353Z" },
    { url = "https://files.pythonhosted.org/packages/7f/14/6bfc6838bb6cb561824ac03deeab2bd11d5d9a93505f536c8fa2f6bd46c4/google_re2-1.1.20251105-1-cp312-cp312-macosx_15_0_x86_64.whl", hash = "sha256:5a4e5785bc30d52ce655d805b07ad2d8a4905429a5f690ae9c2f1caa76665709", size = 510384, upload-time = "2025-11-05T14:57:29.139Z" },
    { url = "https://files.pythonhosted.org/packages/8a/0a/6add090c917ee39f6f0be753037cafceb3bad904b424efc155fb38082635/google_re2-1.1.20251105-1-cp312-cp312-manylinux_2_26_aarch64.manylinux_2_28_aarch64.whl", hash = "sha256:2b7a3b90f747130310d4b3b8e19ebb845d0d97c1deb63b36f76c7242dacbd736", size = 572446, upload-time = "2025-11-05T14:57:30.495Z" },
    { url = "https://files.pythonhosted.org/packages/0d/1c/8b1ccbeade96a21435d55b5185cd6d9b2ceab5a9af998a4d9099e0540759/google_re2-1.1.20251105-1-cp312-cp312-manylinux_2_27_x86_64.manylinux_2_28_x86_64.whl", hash = "sha256:809c5fa5d08279413b29c2e2c5c528e85cd94a0e0fd897db595a0c09eeee2782", size = 591348, upload-time = "2025-11-05T14:57:31.808Z" },
    { url = "https://files.pythonhosted.org/packages/62/cf/7bdd7a1ae7828b613011da808eafec4da3132f43c3be6af5e0bd670ebe8b/google_re2-1.1.20251105-1-cp312-cp312-win32.whl", hash = "sha256:d8424e63a9ec0fe5bde03d97876b2431f8a746af33eb475fa1ae39144bd05b2a", size = 433787, upload-time = "2025-11-05T14:57:33.071Z" },
    { url = "https://files.pythonhosted.org/packages/31/e9/5dd951c35acaabfe87c67228b9af2cdcd7779d9167edbe6b9094b8a8e529/google_re2-1.1.20251105-1-cp312-cp312-win_amd64.whl", hash = "sha256:062313c309f93dfeb6966372f4c446580e98879133ec155522eea8aaf568a5cd", size = 491726, upload-time = "2025-11-05T14:57:34.39Z" },
    { url = "https://files.pythonhosted.org/packages/60/8d/c1afd29fc2cb475fd4c634f3d3c8099c0efb662362c10b27a9eaf11c9357/google_re2-1.1.20251105-1-cp312-cp312-win_arm64.whl", hash = "sha256:558f144b26a9555ae4e9467cc3aa3299a8ce13217f328b21ae326ca0633be19b", size = 642673, upload-time = "2025-11-05T14:57:35.693Z" },
]

[[package]]
name = "jmespath"
version = "1.1.0"
source = { registry = "https://pypi.org/simple" }
sdist = { url = "https://files.pythonhosted.org/packages/d3/59/322338183ecda247fb5d1763a6cbe46eff7222eaeebafd9fa65d4bf5cb11/jmespath-1.1.0.tar.gz", hash = "sha256:472c87d80f36026ae83c6ddd0f1d05d4e510134ed462851fd5f754c8c3cbb88d", size = 27377, upload-time = "2026-01-22T16:35:26.279Z" }
wheels = [
    { url = "https://files.pythonhosted.org/packages/14/2f/967ba146e6d58cf6a652da73885f52fc68001525b4197effc174321d70b4/jmespath-1.1.0-py3-none-any.whl", hash = "sha256:a5663118de4908c91729bea0acadca56526eb2698e83de10cd116ae0f4e97c64", size = 20419, upload-time = "2026-01-22T16:35:24.919Z" },
]

[[package]]
name = "lark"
version = "1.3.1"
source = { registry = "https://pypi.org/simple" }
sdist = { url = "https://files.pythonhosted.org/packages/da/34/28fff3ab31ccff1fd4f6c7c7b0ceb2b6968d8ea4950663eadcb5720591a0/lark-1.3.1.tar.gz", hash = "sha256:b426a7a6d6d53189d318f2b6236ab5d6429eaf09259f1ca33eb716eed10d2905", size = 382732, upload-time = "2025-10-27T18:25:56.653Z" }
wheels = [
    { url = "https://files.pythonhosted.org/packages/82/3d/14ce75ef66813643812f3093ab17e46d3a206942ce7376d31ec2d36229e7/lark-1.3.1-py3-none-any.whl", hash = "sha256:c629b661023a014c37da873b4ff58a817398d12635d3bbb2c5a03be7fe5d1e12", size = 113151, upload-time = "2025-10-27T18:25:54.882Z" },
]

[[package]]
name = "markdown-it-py"
version = "4.2.0"
source = { registry = "https://pypi.org/simple" }
dependencies = [
    { name = "mdurl" },
]
sdist = { url = "https://files.pythonhosted.org/packages/06/ff/7841249c247aa650a76b9ee4bbaeae59370dc8bfd2f6c01f3630c35eb134/markdown_it_py-4.2.0.tar.gz", hash = "sha256:04a21681d6fbb623de53f6f364d352309d4094dd4194040a10fd51833e418d49", size = 82454, upload-time = "2026-05-07T12:08:28.36Z" }
wheels = [
    { url = "https://files.pythonhosted.org/packages/b3/81/4da04ced5a082363ecfa159c010d200ecbd959ae410c10c0264a38cac0f5/markdown_it_py-4.2.0-py3-none-any.whl", hash = "sha256:9f7ebbcd14fe59494226453aed97c1070d83f8d24b6fc3a3bcf9a38092641c4a", size = 91687, upload-time = "2026-05-07T12:08:27.182Z" },
]

[[package]]
name = "mdurl"
version = "0.1.2"
source = { registry = "https://pypi.org/simple" }
sdist = { url = "https://files.pythonhosted.org/packages/d6/54/cfe61301667036ec958cb99bd3efefba235e65cdeb9c84d24a8293ba1d90/mdurl-0.1.2.tar.gz", hash = "sha256:bb413d29f5eea38f31dd4754dd7377d4465116fb207585f97bf925588687c1ba", size = 8729, upload-time = "2022-08-14T12:40:10.846Z" }
wheels = [
    { url = "https://files.pythonhosted.org/packages/b3/38/89ba8ad64ae25be8de66a6d463314cf1eb366222074cfda9ee839c56a4b4/mdurl-0.1.2-py3-none-any.whl", hash = "sha256:84008a41e51615a49fc9966191ff91509e3c40b939176e643fd50a5c2196b8f8", size = 9979, upload-time = "2022-08-14T12:40:09.779Z" },
]

[[package]]
name = "pendulum"
version = "3.2.0"
source = { registry = "https://pypi.org/simple" }
dependencies = [
    { name = "python-dateutil" },
    { name = "tzdata" },
]
sdist = { url = "https://files.pythonhosted.org/packages/cb/72/9a51afa0a822b09e286c4cb827ed7b00bc818dac7bd11a5f161e493a217d/pendulum-3.2.0.tar.gz", hash = "sha256:e80feda2d10fa3ff8b1526715f7d33dcb7e08494b3088f2c8a3ac92d4a4331ce", size = 86912, upload-time = "2026-01-30T11:22:24.093Z" }
wheels = [
    { url = "https://files.pythonhosted.org/packages/41/56/dd0ea9f97d25a0763cda09e2217563b45714786118d8c68b0b745395d6eb/pendulum-3.2.0-cp312-cp312-macosx_10_12_x86_64.whl", hash = "sha256:bf0b489def51202a39a2a665dcc4162d5e46934a740fe4c4fe3068979610156c", size = 337830, upload-time = "2026-01-30T11:21:08.298Z" },
    { url = "https://files.pythonhosted.org/packages/cf/98/83d62899bf7226fc12396de4bc1fb2b5da27e451c7c60790043aaf8b4731/pendulum-3.2.0-cp312-cp312-macosx_11_0_arm64.whl", hash = "sha256:937a529aa302efa18dcf25e53834964a87ffb2df8f80e3669ab7757a6126beaf", size = 327574, upload-time = "2026-01-30T11:21:09.715Z" },
    { url = "https://files.pythonhosted.org/packages/76/fa/ff2aa992b23f0543c709b1a3f3f9ed760ec71fd02c8bb01f93bf008b52e4/pendulum-3.2.0-cp312-cp312-manylinux_2_17_aarch64.manylinux2014_aarch64.whl", hash = "sha256:85c7689defc65c4dc29bf257f7cca55d210fabb455de9476e1748d2ab2ae80d7", size = 339891, upload-time = "2026-01-30T11:21:11.089Z" },
    { url = "https://files.pythonhosted.org/packages/c5/4e/25b4fa11d19503d50d7b52d7ef943c0f20fd54422aaeb9e38f588c815c50/pendulum-3.2.0-cp312-cp312-manylinux_2_17_ppc64le.manylinux2014_ppc64le.whl", hash = "sha256:d5e216e5a412563ea2ecf5de467dcf3d02717947fcdabe6811d5ee360726b02b", size = 373726, upload-time = "2026-01-30T11:21:12.493Z" },
    { url = "https://files.pythonhosted.org/packages/4f/30/0acad6396c4e74e5c689aa4f0b0c49e2ecdcfce368e7b5bf35ca1c0fc61a/pendulum-3.2.0-cp312-cp312-manylinux_2_17_s390x.manylinux2014_s390x.whl", hash = "sha256:3a2af22eeec438fbaac72bb7fba783e0950a514fba980d9a32db394b51afccec", size = 379827, upload-time = "2026-01-30T11:21:14.08Z" },
    { url = "https://files.pythonhosted.org/packages/3a/f7/e6a2fdf2a23d59b4b48b8fa89e8d4bf2dd371aea2c6ba8fcecec20a4acb9/pendulum-3.2.0-cp312-cp312-manylinux_2_17_x86_64.manylinux2014_x86_64.whl", hash = "sha256:3159cceb54f5aa8b85b141c7f0ce3fac8bdd1ffdc7c79e67dca9133eac7c4d11", size = 348921, upload-time = "2026-01-30T11:21:15.816Z" },
    { url = "https://files.pythonhosted.org/packages/7f/f2/c15fa7f9ad4e181aa469b6040b574988bd108ccdf4ae509ad224f9e4db44/pendulum-3.2.0-cp312-cp312-musllinux_1_1_aarch64.whl", hash = "sha256:c39ea5e9ffa20ea8bae986d00e0908bd537c8468b71d6b6503ab0b4c3d76e0ea", size = 517188, upload-time = "2026-01-30T11:21:17.835Z" },
    { url = "https://files.pythonhosted.org/packages/47/c7/5f80b12ee88ec26e930c3a5a602608a63c29cf60c81a0eb066d583772550/pendulum-3.2.0-cp312-cp312-musllinux_1_1_x86_64.whl", hash = "sha256:e5afc753e570cce1f44197676371f68953f7d4f022303d141bb09f804d5fe6d7", size = 561833, upload-time = "2026-01-30T11:21:19.232Z" },
    { url = "https://files.pythonhosted.org/packages/90/15/1ac481626cb63db751f6281e294661947c1f0321ebe5d1c532a3b51a8006/pendulum-3.2.0-cp312-cp312-win_amd64.whl", hash = "sha256:fd55c12560816d9122ca2142d9e428f32c0c083bf77719320b1767539c7a3a3b", size = 258725, upload-time = "2026-01-30T11:21:20.558Z" },
    { url = "https://files.pythonhosted.org/packages/40/ae/50b0398d7d027eb70a3e1e336de7b6e599c6b74431cb7d3863287e1292bb/pendulum-3.2.0-cp312-cp312-win_arm64.whl", hash = "sha256:faef52a7ed99729f0838353b956f3fabf6c550c062db247e9e2fc2b48fcb9457", size = 253089, upload-time = "2026-01-30T11:21:22.497Z" },
    { url = "https://files.pythonhosted.org/packages/02/fb/d65db067a67df7252f18b0cb7420dda84078b9e8bfb375215469c14a50be/pendulum-3.2.0-py3-none-any.whl", hash = "sha256:f3a9c18a89b4d9ef39c5fa6a78722aaff8d5be2597c129a3b16b9f40a561acf3", size = 114111, upload-time = "2026-01-30T11:22:22.361Z" },
]

[[package]]
name = "prompt-toolkit"
version = "3.0.53"
source = { registry = "https://pypi.org/simple" }
dependencies = [
    { name = "wcwidth" },
]
sdist = { url = "https://files.pythonhosted.org/packages/7d/ea/39b988c938f75cb75d7045b5c69f8bfed47ee2152c8837fb403de29d6fb8/prompt_toolkit-3.0.53.tar.gz", hash = "sha256:9ec8a0ad96d5c56148b3f914aa79c1564c3fde5d2e6b876e7bc327e353cf8fa6", size = 435492, upload-time = "2026-07-26T20:56:14.758Z" }
wheels = [
    { url = "https://files.pythonhosted.org/packages/54/6f/84908cad2d6aa5144abcf7b42709fe4fdb459bc640ec7ac5786e7693dabc/prompt_toolkit-3.0.53-py3-none-any.whl", hash = "sha256:01c0891d7f9237d5e339f7d3e42cdae80b7534abb1c7c0e3352efba6231492f2", size = 392288, upload-time = "2026-07-26T20:56:12.512Z" },
]

[[package]]
name = "pygments"
version = "2.21.0"
source = { registry = "https://pypi.org/simple" }
sdist = { url = "https://files.pythonhosted.org/packages/49/2e/ced460408999b33da6b31b0021b0f37d329e202d4169aeb164493778f25b/pygments-2.21.0.tar.gz", hash = "sha256:610ca751c9bc2492b38eb9a38a7fbc93edbbb2d7182edaf34e66ae493dee5c8c", size = 5005329, upload-time = "2026-08-17T08:02:48.824Z" }
wheels = [
    { url = "https://files.pythonhosted.org/packages/71/46/17f022dd3e953bf20a04a028a21ec746d942f8d2af30fa0f124fa0e6a684/pygments-2.21.0-py3-none-any.whl", hash = "sha256:2363c69b61c4a97c838da3b130dcd6468f4848992b21a82f2a63ec34377137d9", size = 1250147, upload-time = "2026-08-17T08:02:44.912Z" },
]

[[package]]
name = "python-dateutil"
version = "2.9.0.post0"
source = { registry = "https://pypi.org/simple" }
dependencies = [
    { name = "six" },
]
sdist = { url = "https://files.pythonhosted.org/packages/66/c0/0c8b6ad9f17a802ee498c46e004a0eb49bc148f2fd230864601a86dcf6db/python-dateutil-2.9.0.post0.tar.gz", hash = "sha256:37dd54208da7e1cd875388217d5e00ebd4179249f90fb72437e91a35459a0ad3", size = 342432, upload-time = "2024-03-01T18:36:20.211Z" }
wheels = [
    { url = "https://files.pythonhosted.org/packages/ec/57/56b9bcc3c9c6a792fcbaf139543cee77261f3651ca9da0c93f5c1221264b/python_dateutil-2.9.0.post0-py2.py3-none-any.whl", hash = "sha256:a8b2bc7bffae282281c8140a97d3aa9c14da0b136dfe83f850eea9a5f7470427", size = 229892, upload-time = "2024-03-01T18:36:18.57Z" },
]

[[package]]
name = "pyyaml"
version = "6.0.3"
source = { registry = "https://pypi.org/simple" }
sdist = { url = "https://files.pythonhosted.org/packages/05/8e/961c0007c59b8dd7729d542c61a4d537767a59645b82a0b521206e1e25c2/pyyaml-6.0.3.tar.gz", hash = "sha256:d76623373421df22fb4cf8817020cbb7ef15c725b9d5e45f17e189bfc384190f", size = 130960, upload-time = "2025-09-25T21:33:16.546Z" }
wheels = [
    { url = "https://files.pythonhosted.org/packages/d1/33/422b98d2195232ca1826284a76852ad5a86fe23e31b009c9886b2d0fb8b2/pyyaml-6.0.3-cp312-cp312-macosx_10_13_x86_64.whl", hash = "sha256:7f047e29dcae44602496db43be01ad42fc6f1cc0d8cd6c83d342306c32270196", size = 182063, upload-time = "2025-09-25T21:32:11.445Z" },
    { url = "https://files.pythonhosted.org/packages/89/a0/6cf41a19a1f2f3feab0e9c0b74134aa2ce6849093d5517a0c550fe37a648/pyyaml-6.0.3-cp312-cp312-macosx_11_0_arm64.whl", hash = "sha256:fc09d0aa354569bc501d4e787133afc08552722d3ab34836a80547331bb5d4a0", size = 173973, upload-time = "2025-09-25T21:32:12.492Z" },
    { url = "https://files.pythonhosted.org/packages/ed/23/7a778b6bd0b9a8039df8b1b1d80e2e2ad78aa04171592c8a5c43a56a6af4/pyyaml-6.0.3-cp312-cp312-manylinux2014_aarch64.manylinux_2_17_aarch64.manylinux_2_28_aarch64.whl", hash = "sha256:9149cad251584d5fb4981be1ecde53a1ca46c891a79788c0df828d2f166bda28", size = 775116, upload-time = "2025-09-25T21:32:13.652Z" },
    { url = "https://files.pythonhosted.org/packages/65/30/d7353c338e12baef4ecc1b09e877c1970bd3382789c159b4f89d6a70dc09/pyyaml-6.0.3-cp312-cp312-manylinux2014_s390x.manylinux_2_17_s390x.manylinux_2_28_s390x.whl", hash = "sha256:5fdec68f91a0c6739b380c83b951e2c72ac0197ace422360e6d5a959d8d97b2c", size = 844011, upload-time = "2025-09-25T21:32:15.21Z" },
    { url = "https://files.pythonhosted.org/packages/8b/9d/b3589d3877982d4f2329302ef98a8026e7f4443c765c46cfecc8858c6b4b/pyyaml-6.0.3-cp312-cp312-manylinux2014_x86_64.manylinux_2_17_x86_64.manylinux_2_28_x86_64.whl", hash = "sha256:ba1cc08a7ccde2d2ec775841541641e4548226580ab850948cbfda66a1befcdc", size = 807870, upload-time = "2025-09-25T21:32:16.431Z" },
    { url = "https://files.pythonhosted.org/packages/05/c0/b3be26a015601b822b97d9149ff8cb5ead58c66f981e04fedf4e762f4bd4/pyyaml-6.0.3-cp312-cp312-musllinux_1_2_aarch64.whl", hash = "sha256:8dc52c23056b9ddd46818a57b78404882310fb473d63f17b07d5c40421e47f8e", size = 761089, upload-time = "2025-09-25T21:32:17.56Z" },
    { url = "https://files.pythonhosted.org/packages/be/8e/98435a21d1d4b46590d5459a22d88128103f8da4c2d4cb8f14f2a96504e1/pyyaml-6.0.3-cp312-cp312-musllinux_1_2_x86_64.whl", hash = "sha256:41715c910c881bc081f1e8872880d3c650acf13dfa8214bad49ed4cede7c34ea", size = 790181, upload-time = "2025-09-25T21:32:18.834Z" },
    { url = "https://files.pythonhosted.org/packages/74/93/7baea19427dcfbe1e5a372d81473250b379f04b1bd3c4c5ff825e2327202/pyyaml-6.0.3-cp312-cp312-win32.whl", hash = "sha256:96b533f0e99f6579b3d4d4995707cf36df9100d67e0c8303a0c55b27b5f99bc5", size = 137658, upload-time = "2025-09-25T21:32:20.209Z" },
    { url = "https://files.pythonhosted.org/packages/86/bf/899e81e4cce32febab4fb42bb97dcdf66bc135272882d1987881a4b519e9/pyyaml-6.0.3-cp312-cp312-win_amd64.whl", hash = "sha256:5fcd34e47f6e0b794d17de1b4ff496c00986e1c83f7ab2fb8fcfe9616ff7477b", size = 154003, upload-time = "2025-09-25T21:32:21.167Z" },
    { url = "https://files.pythonhosted.org/packages/1a/08/67bd04656199bbb51dbed1439b7f27601dfb576fb864099c7ef0c3e55531/pyyaml-6.0.3-cp312-cp312-win_arm64.whl", hash = "sha256:64386e5e707d03a7e172c0701abfb7e10f0fb753ee1d773128192742712a98fd", size = 140344, upload-time = "2025-09-25T21:32:22.617Z" },
]

[[package]]
name = "restrictedpython"
version = "8.5"
source = { registry = "https://pypi.org/simple" }
sdist = { url = "https://files.pythonhosted.org/packages/7c/3b/8e41f7cfabbb30b1013ebc7484303d6c87da2906ec432d69dea11d2f7d75/restrictedpython-8.5.tar.gz", hash = "sha256:4ed1269dbe3caa88db650d1af325198a952aeb1451eca05df0cfa65db4466215", size = 455879, upload-time = "2026-08-19T07:02:10.934Z" }
wheels = [
    { url = "https://files.pythonhosted.org/packages/58/57/16ce3c721f5a33317e4110575d5c9976c0c45f7fd96ca2e0adeab06e6026/restrictedpython-8.5-py3-none-any.whl", hash = "sha256:6c70e0a3af13e830d37225788cdc8ab5804a8df4b500c135086eaef34b5c01e0", size = 30962, upload-time = "2026-08-19T07:02:09.553Z" },
]

[[package]]
name = "rich"
version = "15.0.0"
source = { registry = "https://pypi.org/simple" }
dependencies = [
    { name = "markdown-it-py" },
    { name = "pygments" },
]
sdist = { url = "https://files.pythonhosted.org/packages/c0/8f/0722ca900cc807c13a6a0c696dacf35430f72e0ec571c4275d2371fca3e9/rich-15.0.0.tar.gz", hash = "sha256:edd07a4824c6b40189fb7ac9bc4c52536e9780fbbfbddf6f1e2502c31b068c36", size = 230680, upload-time = "2026-04-12T08:24:00.75Z" }
wheels = [
    { url = "https://files.pythonhosted.org/packages/82/3b/64d4899d73f91ba49a8c18a8ff3f0ea8f1c1d75481760df8c68ef5235bf5/rich-15.0.0-py3-none-any.whl", hash = "sha256:33bd4ef74232fb73fe9279a257718407f169c09b78a87ad3d296f548e27de0bb", size = 310654, upload-time = "2026-04-12T08:24:02.83Z" },
]

[[package]]
name = "shellingham"
version = "1.5.4"
source = { registry = "https://pypi.org/simple" }
sdist = { url = "https://files.pythonhosted.org/packages/58/15/8b3609fd3830ef7b27b655beb4b4e9c62313a4e8da8c676e142cc210d58e/shellingham-1.5.4.tar.gz", hash = "sha256:8dbca0739d487e5bd35ab3ca4b36e11c4078f3a234bfce294b0a0291363404de", size = 10310, upload-time = "2023-10-24T04:13:40.426Z" }
wheels = [
    { url = "https://files.pythonhosted.org/packages/e0/f9/0595336914c5619e5f28a1fb793285925a8cd4b432c9da0a987836c7f822/shellingham-1.5.4-py2.py3-none-any.whl", hash = "sha256:7ecfff8f2fd72616f7481040475a65b2bf8af90a56c89140852d1120324e8686", size = 9755, upload-time = "2023-10-24T04:13:38.866Z" },
]

[[package]]
name = "simpleeval"
version = "1.0.8"
source = { registry = "https://pypi.org/simple" }
sdist = { url = "https://files.pythonhosted.org/packages/89/3e/25326f373871a34e78cac231c0d3c18a0a5c3a80aa4813b50b9f26a5d460/simpleeval-1.0.8.tar.gz", hash = "sha256:b417f869c11f2de034eb919820a825f35d12ce99f63a43971947ce73679eb9ba", size = 31846, upload-time = "2026-09-12T10:16:08.103Z" }
wheels = [
    { url = "https://files.pythonhosted.org/packages/12/33/d1ecd9f4f5f272b36ad7b268e307ba0a59c109d8ad134a231cda780baac9/simpleeval-1.0.8-py3-none-any.whl", hash = "sha256:c9c4ff42879ebf0c05f6562cb81031869948916be343bcc950b81fcc081fe9ce", size = 18925, upload-time = "2026-09-12T10:16:06.862Z" },
]

[[package]]
name = "six"
version = "1.17.0"
source = { registry = "https://pypi.org/simple" }
sdist = { url = "https://files.pythonhosted.org/packages/94/e7/b2c673351809dca68a0e064b6af791aa332cf192da575fd474ed7d6f16a2/six-1.17.0.tar.gz", hash = "sha256:ff70335d468e7eb6ec65b95b99d3a2836546063f63acc5171de367e834932a81", size = 34031, upload-time = "2024-12-04T17:35:28.174Z" }
wheels = [
    { url = "https://files.pythonhosted.org/packages/b7/ce/149a00dd41f10bc29e5921b496af8b574d8413afcd5e30dfa0ed46c2cc5e/six-1.17.0-py2.py3-none-any.whl", hash = "sha256:4721f391ed90541fddacab5acf947aa0d3dc7d27b2e1e8eda2be8970586c3274", size = 11050, upload-time = "2024-12-04T17:35:26.475Z" },
]

[[package]]
name = "spike-expressions"
version = "0"
source = { virtual = "." }
dependencies = [
    { name = "asteval" },
    { name = "cel-python" },
    { name = "common-expression-language" },
    { name = "evalidate" },
    { name = "restrictedpython" },
    { name = "simpleeval" },
]

[package.metadata]
requires-dist = [
    { name = "asteval" },
    { name = "cel-python" },
    { name = "common-expression-language" },
    { name = "evalidate" },
    { name = "restrictedpython" },
    { name = "simpleeval" },
]

[[package]]
name = "typer"
version = "0.27.2"
source = { registry = "https://pypi.org/simple" }
dependencies = [
    { name = "annotated-doc" },
    { name = "colorama", marker = "sys_platform == 'win32'" },
    { name = "rich" },
    { name = "shellingham" },
]
sdist = { url = "https://files.pythonhosted.org/packages/16/f7/57713ba479fd405eb76de31404b2c744c289e336b2d999511ebf51e496f7/typer-0.27.2.tar.gz", hash = "sha256:269b7eb9d3c202ca84b4bc9618cb04ebb43d3d4d1e567e4c768607232c05f945", size = 204045, upload-time = "2026-08-28T10:26:55.046Z" }
wheels = [
    { url = "https://files.pythonhosted.org/packages/dc/bf/205d0004930ede8f542fb58f601526fccf4ae7626075ca1e6c4de5d3d652/typer-0.27.2-py3-none-any.whl", hash = "sha256:b3a5fc4342d5fc8fda8fc3010b1cf117e9249aab7fae800c2eff62fd3842d97d", size = 123130, upload-time = "2026-08-28T10:26:53.752Z" },
]

[[package]]
name = "tzdata"
version = "2026.4"
source = { registry = "https://pypi.org/simple" }
sdist = { url = "https://files.pythonhosted.org/packages/e4/31/3d74fa778a63b98b7374323befcc0be5ab3bd94afd4096a0124e7379152c/tzdata-2026.4.tar.gz", hash = "sha256:f1b8bd365d8d210c55353f4d7f8d6d8561c0ba50d704b700d195a9424bba0d79", size = 199350, upload-time = "2026-09-12T12:56:03.251Z" }
wheels = [
    { url = "https://files.pythonhosted.org/packages/f9/bc/8737e8d54cf51106118039b83f485a4783112fab49ea9d044b234978a46e/tzdata-2026.4-py2.py3-none-any.whl", hash = "sha256:c2169a8b0a7a5e9674da5a135ccdfb2b3e671b333ed9fed17b41f73c34476e81", size = 347494, upload-time = "2026-09-12T12:56:01.67Z" },
]

[[package]]
name = "wcwidth"
version = "0.9.1"
source = { registry = "https://pypi.org/simple" }
sdist = { url = "https://files.pythonhosted.org/packages/dc/ac/3a943d2792c9bb368aaa8b50121c0f778460ba2d7fbdc0a0366201d9e761/wcwidth-0.9.1.tar.gz", hash = "sha256:5823209b0d43af322ce698c689380d7c15ca31fa8e6e3be8459f27031bef0af5", size = 952410, upload-time = "2026-09-23T20:23:49.127Z" }
wheels = [
    { url = "https://files.pythonhosted.org/packages/48/7c/130de33c0a7f6efecee28fef5711fc1f8d55ac33885a6b85f4f6689004ba/wcwidth-0.9.1-cp310-abi3-macosx_10_9_x86_64.whl", hash = "sha256:10b00ba23482e352f874d2e8135e7ace9da838646c7dd800566246bbd46125ff", size = 604219, upload-time = "2026-09-23T20:23:22.071Z" },
    { url = "https://files.pythonhosted.org/packages/33/7c/c7bb03da54de7ac5a08753e186b963f91847b04ed8ae5be136a4d5f52b75/wcwidth-0.9.1-cp310-abi3-macosx_11_0_arm64.whl", hash = "sha256:40d936d72c9bdc10df43f93a8be502bc5024b487259139f66a328722c07f34a9", size = 609038, upload-time = "2026-09-23T20:23:24.941Z" },
    { url = "https://files.pythonhosted.org/packages/0b/71/f57effdf895c2d6d49333f1d6833a9f5438725c55a04ed3124a1c95bb3aa/wcwidth-0.9.1-cp310-abi3-manylinux1_i686.manylinux2014_i686.manylinux_2_17_i686.manylinux_2_5_i686.whl", hash = "sha256:69bb970cf5652b88cfdb9d3fdd1764fc15e5f8ad531643e7bb3e894cd969740e", size = 761464, upload-time = "2026-09-23T20:23:32.425Z" },
    { url = "https://files.pythonhosted.org/packages/4f/16/15b03d8fb7a747d0d2cf4a33da7b1b3e092493c58780f6589d5b1e9e3b49/wcwidth-0.9.1-cp310-abi3-manylinux2014_aarch64.manylinux_2_17_aarch64.whl", hash = "sha256:b5da43d6967668982e44a52fb551967d293f86d26cd86036ac95bbdd34394ed9", size = 770483, upload-time = "2026-09-23T20:23:28.128Z" },
    { url = "https://files.pythonhosted.org/packages/e2/a0/834886b30e3b885a5a96e8358f1b3917bc0bac43ae4178d77f0c210d079b/wcwidth-0.9.1-cp310-abi3-manylinux2014_x86_64.manylinux_2_17_x86_64.whl", hash = "sha256:747fb724223f417a17541a95a17c1dac3a8ef9a0cf41684950f0eab191a35f65", size = 768443, upload-time = "2026-09-23T20:23:33.875Z" },
    { url = "https://files.pythonhosted.org/packages/a2/ae/1b7597e0132ebc2c920632f39d8c1c61881345c9b480c0a95eb91e7460fa/wcwidth-0.9.1-cp310-abi3-musllinux_1_2_aarch64.whl", hash = "sha256:6e1272b7986cefe79783737e38bdb9eaae0682b333c7bd132024441193dd5ce7", size = 781171, upload-time = "2026-09-23T20:23:29.46Z" },
    { url = "https://files.pythonhosted.org/packages/fb/bb/32149e3b481953f4ef35f38f166e2532886d33ae54ccdd71393f821dfad9/wcwidth-0.9.1-cp310-abi3-musllinux_1_2_i686.whl", hash = "sha256:fe021c4d8de9d36c31a0cb41d0d2546dadd3b0708a301f1a0c66ce200851831f", size = 781576, upload-time = "2026-09-23T20:23:35.504Z" },
    { url = "https://files.pythonhosted.org/packages/d6/72/1ee3dff67697bda93bc56ec9f7b3b89609cd64b9abb328512a2f22eb9e47/wcwidth-0.9.1-cp310-abi3-musllinux_1_2_x86_64.whl", hash = "sha256:708158c082364af442f9983de7b6ec9ac0d2e1b825ada25f0911b1f138d55405", size = 783526, upload-time = "2026-09-23T20:23:36.937Z" },
    { url = "https://files.pythonhosted.org/packages/ce/0a/e94f19a60f6127bcf3dfcf223ca05a37650d57b37b5ed623597c842ce7ca/wcwidth-0.9.1-cp310-abi3-win32.whl", hash = "sha256:356376852357b8fca71fe5415808ec421679e04b4a98eb7c9cb6a7984b911a05", size = 592136, upload-time = "2026-09-23T20:23:43.774Z" },
    { url = "https://files.pythonhosted.org/packages/3c/ff/d884d2ec7dcdc86cda742a86c7160bc726dbccae76d7ae1f9ac833c26680/wcwidth-0.9.1-cp310-abi3-win_amd64.whl", hash = "sha256:991d1c8834f548e9c1f16432075ee84638e122312556bbf1ed595ea8fffc4673", size = 596738, upload-time = "2026-09-23T20:23:44.989Z" },
    { url = "https://files.pythonhosted.org/packages/fa/93/16e30d617b937272a2310a6e3c1f9d8f94984e19ad4a96eb935628e3e6b6/wcwidth-0.9.1-cp310-abi3-win_arm64.whl", hash = "sha256:61bd7aef9cafb6cb77a37a169998d7928ce82a51522146d11f60db9e7d1cb43a", size = 594700, upload-time = "2026-09-23T20:23:41.013Z" },
    { url = "https://files.pythonhosted.org/packages/96/a2/f06f2e0be4895e5943d358755b51968ace85774cf0a4cc42b4dafb793832/wcwidth-0.9.1-py3-none-any.whl", hash = "sha256:e0c3a1c45c5b9550c6919a4449e95f5b177f6e165786376981db8f1addae9b21", size = 300656, upload-time = "2026-09-23T20:23:20.674Z" },
]
